
Microsoft Visual Studio Solution File, Format Version 12.00
# Visual Studio Version 16
VisualStudioVersion = 16.0.31321.278
MinimumVisualStudioVersion = 10.0.40219.1
Project("{9A19103F-16F7-4668-BE54-9A1E7A4F7556}") = "Chat", "Chat\Chat.csproj", "{2412C515-9914-4626-BEF8-7567F5AAA870}"
EndProject
Global
	GlobalSection(SolutionConfigurationPlatforms) = preSolution
		Debug|Any CPU = Debug|Any CPU
		Release|Any CPU = Release|Any CPU
	EndGlobalSection
	GlobalSection(ProjectConfigurationPlatforms) = postSolution
		{2412C515-9914-4626-BEF8-7567F5AAA870}.Debug|Any CPU.ActiveCfg = Debug|Any CPU
		{2412C515-9914-4626-BEF8-7567F5AAA870}.Debug|Any CPU.Build.0 = Debug|Any CPU
		{2412C515-9914-4626-BEF8-7567F5AAA870}.Release|Any CPU.ActiveCfg = Release|Any CPU
		{2412C515-9914-4626-BEF8-7567F5AAA870}.Release|Any CPU.Build.0 = Release|Any CPU
	EndGlobalSection
	GlobalSection(SolutionProperties) = preSolution
		HideSolutionNode = FALSE
	EndGlobalSection
	GlobalSection(ExtensibilityGlobals) = postSolution
		SolutionGuid = {2E0BC2B5-0D09-4962-B767-C38EED3DF4E9}
	EndGlobalSection
EndGlobal
